// !$*UTF8*$!
{
	archiveVersion = 1;
	classes = {
	};
	objectVersion = 56;
	objects = {

/* Begin PBXBuildFile section */
		2CF4365B2B0B5AE20032FC2D /* MacTaskManagerApp.swift in Sources */ = {isa = PBXBuildFile; fileRef = 2CF4365A2B0B5AE20032FC2D /* MacTaskManagerApp.swift */; };
		2CF4365D2B0B5AE20032FC2D /* ContentView.swift in Sources */ = {isa = PBXBuildFile; fileRef = 2CF4365C2B0B5AE20032FC2D /* ContentView.swift */; };
		2CF4365F2B0B5AE40032FC2D /* Assets.xcassets in Resources */ = {isa = PBXBuildFile; fileRef = 2CF4365E2B0B5AE40032FC2D /* Assets.xcassets */; };
		2CF436622B0B5AE40032FC2D /* Preview Assets.xcassets in Resources */ = {isa = PBXBuildFile; fileRef = 2CF436612B0B5AE40032FC2D /* Preview Assets.xcassets */; };
		2CF4366B2B0B5B040032FC2D /* Task.swift in Sources */ = {isa = PBXBuildFile; fileRef = 2CF4366A2B0B5B040032FC2D /* Task.swift */; };
		2CF4366D2B0B5FC70032FC2D /* TaskGroup.swift in Sources */ = {isa = PBXBuildFile; fileRef = 2CF4366C2B0B5FC70032FC2D /* TaskGroup.swift */; };
		2CF4366F2B0B60910032FC2D /* TaskSection.swift in Sources */ = {isa = PBXBuildFile; fileRef = 2CF4366E2B0B60910032FC2D /* TaskSection.swift */; };
/* End PBXBuildFile section */

/* Begin PBXFileReference section */
		2CF436572B0B5AE20032FC2D /* MacTaskManager.app */ = {isa = PBXFileReference; explicitFileType = wrapper.application; includeInIndex = 0; path = MacTaskManager.app; sourceTree = BUILT_PRODUCTS_DIR; };
		2CF4365A2B0B5AE20032FC2D /* MacTaskManagerApp.swift */ = {isa = PBXFileReference; lastKnownFileType = sourcecode.swift; path = MacTaskManagerApp.swift; sourceTree = "<group>"; };
		2CF4365C2B0B5AE20032FC2D /* ContentView.swift */ = {isa = PBXFileReference; lastKnownFileType = sourcecode.swift; path = ContentView.swift; sourceTree = "<group>"; };
		2CF4365E2B0B5AE40032FC2D /* Assets.xcassets */ = {isa = PBXFileReference; lastKnownFileType = folder.assetcatalog; path = Assets.xcassets; sourceTree = "<group>"; };
		2CF436612B0B5AE40032FC2D /* Preview Assets.xcassets */ = {isa = PBXFileReference; lastKnownFileType = folder.assetcatalog; path = "Preview Assets.xcassets"; sourceTree = "<group>"; };
		2CF436632B0B5AE40032FC2D /* MacTaskManager.entitlements */ = {isa = PBXFileReference; lastKnownFileType = text.plist.entitlements; path = MacTaskManager.entitlements; sourceTree = "<group>"; };
		2CF4366A2B0B5B040032FC2D /* Task.swift */ = {isa = PBXFileReference; lastKnownFileType = sourcecode.swift; path = Task.swift; sourceTree = "<group>"; };
		2CF4366C2B0B5FC70032FC2D /* TaskGroup.swift */ = {isa = PBXFileReference; lastKnownFileType = sourcecode.swift; path = TaskGroup.swift; sourceTree = "<group>"; };
		2CF4366E2B0B60910032FC2D /* TaskSection.swift */ = {isa = PBXFileReference; lastKnownFileType = sourcecode.swift; path = TaskSection.swift; sourceTree = "<group>"; };
/* End PBXFileReference section */

/* Begin PBXFrameworksBuildPhase section */
		2CF436542B0B5AE20032FC2D /* Frameworks */ = {
			isa = PBXFrameworksBuildPhase;
			buildActionMask = 2147483647;
			files = (
			);
			runOnlyForDeploymentPostprocessing = 0;
		};
/* End PBXFrameworksBuildPhase section */

/* Begin PBXGroup section */
		2CF4364E2B0B5AE20032FC2D = {
			isa = PBXGroup;
			children = (
				2CF436592B0B5AE20032FC2D /* MacTaskManager */,
				2CF436582B0B5AE20032FC2D /* Products */,
			);
			sourceTree = "<group>";
		};
		2CF436582B0B5AE20032FC2D /* Products */ = {
			isa = PBXGroup;
			children = (
				2CF436572B0B5AE20032FC2D /* MacTaskManager.app */,
			);
			name = Products;
			sourceTree = "<group>";
		};
		2CF436592B0B5AE20032FC2D /* MacTaskManager */ = {
			isa = PBXGroup;
			children = (
				2CF4365A2B0B5AE20032FC2D /* MacTaskManagerApp.swift */,
				2CF4365C2B0B5AE20032FC2D /* ContentView.swift */,
				2CF436692B0B5AFA0032FC2D /* Model */,
				2CF4365E2B0B5AE40032FC2D /* Assets.xcassets */,
				2CF436632B0B5AE40032FC2D /* MacTaskManager.entitlements */,
				2CF436602B0B5AE40032FC2D /* Preview Content */,
			);
			path = MacTaskManager;
			sourceTree = "<group>";
		};
		2CF436602B0B5AE40032FC2D /* Preview Content */ = {
			isa = PBXGroup;
			children = (
				2CF436612B0B5AE40032FC2D /* Preview Assets.xcassets */,
			);
			path = "Preview Content";
			sourceTree = "<group>";
		};
		2CF436692B0B5AFA0032FC2D /* Model */ = {
			isa = PBXGroup;
			children = (
				2CF4366A2B0B5B040032FC2D /* Task.swift */,
				2CF4366C2B0B5FC70032FC2D /* TaskGroup.swift */,
				2CF4366E2B0B60910032FC2D /* TaskSection.swift */,
			);
			path = Model;
			sourceTree = "<group>";
		};
/* End PBXGroup section */

/* Begin PBXNativeTarget section */
		2CF436562B0B5AE20032FC2D /* MacTaskManager */ = {
			isa = PBXNativeTarget;
			buildConfigurationList = 2CF436662B0B5AE40032FC2D /* Build configuration list for PBXNativeTarget "MacTaskManager" */;
			buildPhases = (
				2CF436532B0B5AE20032FC2D /* Sources */,
				2CF436542B0B5AE20032FC2D /* Frameworks */,
				2CF436552B0B5AE20032FC2D /* Resources */,
			);
			buildRules = (
			);
			dependencies = (
			);
			name = MacTaskManager;
			productName = MacTaskManager;
			productReference = 2CF436572B0B5AE20032FC2D /* MacTaskManager.app */;
			productType = "com.apple.product-type.application";
		};
/* End PBXNativeTarget section */

/* Begin PBXProject section */
		2CF4364F2B0B5AE20032FC2D /* Project object */ = {
			isa = PBXProject;
			attributes = {
				BuildIndependentTargetsInParallel = 1;
				LastSwiftUpdateCheck = 1500;
				LastUpgradeCheck = 1500;
				TargetAttributes = {
					2CF436562B0B5AE20032FC2D = {
						CreatedOnToolsVersion = 15.0.1;
					};
				};
			};
			buildConfigurationList = 2CF436522B0B5AE20032FC2D /* Build configuration list for PBXProject "MacTaskManager" */;
			compatibilityVersion = "Xcode 14.0";
			developmentRegion = en;
			hasScannedForEncodings = 0;
			knownRegions = (
				en,
				Base,
			);
			mainGroup = 2CF4364E2B0B5AE20032FC2D;
			productRefGroup = 2CF436582B0B5AE20032FC2D /* Products */;
			projectDirPath = "";
			projectRoot = "";
			targets = (
				2CF436562B0B5AE20032FC2D /* MacTaskManager */,
			);
		};
/* End PBXProject section */

/* Begin PBXResourcesBuildPhase section */
		2CF436552B0B5AE20032FC2D /* Resources */ = {
			isa = PBXResourcesBuildPhase;
			buildActionMask = 2147483647;
			files = (
				2CF436622B0B5AE40032FC2D /* Preview Assets.xcassets in Resources */,
				2CF4365F2B0B5AE40032FC2D /* Assets.xcassets in Resources */,
			);
			runOnlyForDeploymentPostprocessing = 0;
		};
/* End PBXResourcesBuildPhase section */

/* Begin PBXSourcesBuildPhase section */
		2CF436532B0B5AE20032FC2D /* Sources */ = {
			isa = PBXSourcesBuildPhase;
			buildActionMask = 2147483647;
			files = (
				2CF4365D2B0B5AE20032FC2D /* ContentView.swift in Sources */,
				2CF4366B2B0B5B040032FC2D /* Task.swift in Sources */,
				2CF4366F2B0B60910032FC2D /* TaskSection.swift in Sources */,
				2CF4366D2B0B5FC70032FC2D /* TaskGroup.swift in Sources */,
				2CF4365B2B0B5AE20032FC2D /* MacTaskManagerApp.swift in Sources */,
			);
			runOnlyForDeploymentPostprocessing = 0;
		};
/* End PBXSourcesBuildPhase section */

/* Begin XCBuildConfiguration section */
		2CF436642B0B5AE40032FC2D /* Debug */ = {
			isa = XCBuildConfiguration;
			buildSettings = {
				ALWAYS_SEARCH_USER_PATHS = NO;
				ASSETCATALOG_COMPILER_GENERATE_SWIFT_ASSET_SYMBOL_EXTENSIONS = YES;
				CLANG_ANALYZER_NONNULL = YES;
				CLANG_ANALYZER_NUMBER_OBJECT_CONVERSION = YES_AGGRESSIVE;
				CLANG_CXX_LANGUAGE_STANDARD = "gnu++20";
				CLANG_ENABLE_MODULES = YES;
				CLANG_ENABLE_OBJC_ARC = YES;
				CLANG_ENABLE_OBJC_WEAK = YES;
				CLANG_WARN_BLOCK_CAPTURE_AUTORELEASING = YES;
				CLANG_WARN_BOOL_CONVERSION = YES;
				CLANG_WARN_COMMA = YES;
				CLANG_WARN_CONSTANT_CONVERSION = YES;
				CLANG_WARN_DEPRECATED_OBJC_IMPLEMENTATIONS = YES;
				CLANG_WARN_DIRECT_OBJC_ISA_USAGE = YES_ERROR;
				CLANG_WARN_DOCUMENTATION_COMMENTS = YES;
				CLANG_WARN_EMPTY_BODY = YES;
				CLANG_WARN_ENUM_CONVERSION = YES;
				CLANG_WARN_INFINITE_RECURSION = YES;
				CLANG_WARN_INT_CONVERSION = YES;
				CLANG_WARN_NON_LITERAL_NULL_CONVERSION = YES;
				CLANG_WARN_OBJC_IMPLICIT_RETAIN_SELF = YES;
				CLANG_WARN_OBJC_LITERAL_CONVERSION = YES;
				CLANG_WARN_OBJC_ROOT_CLASS = YES_ERROR;
				CLANG_WARN_QUOTED_INCLUDE_IN_FRAMEWORK_HEADER = YES;
				CLANG_WARN_RANGE_LOOP_ANALYSIS = YES;
				CLANG_WARN_STRICT_PROTOTYPES = YES;
				CLANG_WARN_SUSPICIOUS_MOVE = YES;
				CLANG_WARN_UNGUARDED_AVAILABILITY = YES_AGGRESSIVE;
				CLANG_WARN_UNREACHABLE_CODE = YES;
				CLANG_WARN__DUPLICATE_METHOD_MATCH = YES;
				COPY_PHASE_STRIP = NO;
				DEBUG_INFORMATION_FORMAT = dwarf;
				ENABLE_STRICT_OBJC_MSGSEND = YES;
				ENABLE_TESTABILITY = YES;
				ENABLE_USER_SCRIPT_SANDBOXING = YES;
				GCC_C_LANGUAGE_STANDARD = gnu17;
				GCC_DYNAMIC_NO_PIC = NO;
				GCC_NO_COMMON_BLOCKS = YES;
				GCC_OPTIMIZATION_LEVEL = 0;
				GCC_PREPROCESSOR_DEFINITIONS = (
					"DEBUG=1",
					"$(inherited)",
				);
				GCC_WARN_64_TO_32_BIT_CONVERSION = YES;
				GCC_WARN_ABOUT_RETURN_TYPE = YES_ERROR;
				GCC_WARN_UNDECLARED_SELECTOR = YES;
				GCC_WARN_UNINITIALIZED_AUTOS = YES_AGGRESSIVE;
				GCC_WARN_UNUSED_FUNCTION = YES;
				GCC_WARN_UNUSED_VARIABLE = YES;
				LOCALIZATION_PREFERS_STRING_CATALOGS = YES;
				MACOSX_DEPLOYMENT_TARGET = 14.0;
				MTL_ENABLE_DEBUG_INFO = INCLUDE_SOURCE;
				MTL_FAST_MATH = YES;
				ONLY_ACTIVE_ARCH = YES;
				SDKROOT = macosx;
				SWIFT_ACTIVE_COMPILATION_CONDITIONS = "DEBUG $(inherited)";
				SWIFT_OPTIMIZATION_LEVEL = "-Onone";
			};
			name = Debug;
		};
		2CF436652B0B5AE40032FC2D /* Release */ = {
			isa = XCBuildConfiguration;
			buildSettings = {
				ALWAYS_SEARCH_USER_PATHS = NO;
				ASSETCATALOG_COMPILER_GENERATE_SWIFT_ASSET_SYMBOL_EXTENSIONS = YES;
				CLANG_ANALYZER_NONNULL = YES;
				CLANG_ANALYZER_NUMBER_OBJECT_CONVERSION = YES_AGGRESSIVE;
				CLANG_CXX_LANGUAGE_STANDARD = "gnu++20";
				CLANG_ENABLE_MODULES = YES;
				CLANG_ENABLE_OBJC_ARC = YES;
				CLANG_ENABLE_OBJC_WEAK = YES;
				CLANG_WARN_BLOCK_CAPTURE_AUTORELEASING = YES;
				CLANG_WARN_BOOL_CONVERSION = YES;
				CLANG_WARN_COMMA = YES;
				CLANG_WARN_CONSTANT_CONVERSION = YES;
				CLANG_WARN_DEPRECATED_OBJC_IMPLEMENTATIONS = YES;
				CLANG_WARN_DIRECT_OBJC_ISA_USAGE = YES_ERROR;
				CLANG_WARN_DOCUMENTATION_COMMENTS = YES;
				CLANG_WARN_EMPTY_BODY = YES;
				CLANG_WARN_ENUM_CONVERSION = YES;
				CLANG_WARN_INFINITE_RECURSION = YES;
				CLANG_WARN_INT_CONVERSION = YES;
				CLANG_WARN_NON_LITERAL_NULL_CONVERSION = YES;
				CLANG_WARN_OBJC_IMPLICIT_RETAIN_SELF = YES;
				CLANG_WARN_OBJC_LITERAL_CONVERSION = YES;
				CLANG_WARN_OBJC_ROOT_CLASS = YES_ERROR;
				CLANG_WARN_QUOTED_INCLUDE_IN_FRAMEWORK_HEADER = YES;
				CLANG_WARN_RANGE_LOOP_ANALYSIS = YES;
				CLANG_WARN_STRICT_PROTOTYPES = YES;
				CLANG_WARN_SUSPICIOUS_MOVE = YES;
				CLANG_WARN_UNGUARDED_AVAILABILITY = YES_AGGRESSIVE;
				CLANG_WARN_UNREACHABLE_CODE = YES;
				CLANG_WARN__DUPLICATE_METHOD_MATCH = YES;
				COPY_PHASE_STRIP = NO;
				DEBUG_INFORMATION_FORMAT = "dwarf-with-dsym";
				ENABLE_NS_ASSERTIONS = NO;
				ENABLE_STRICT_OBJC_MSGSEND = YES;
				ENABLE_USER_SCRIPT_SANDBOXING = YES;
				GCC_C_LANGUAGE_STANDARD = gnu17;
				GCC_NO_COMMON_BLOCKS = YES;
				GCC_WARN_64_TO_32_BIT_CONVERSION = YES;
				GCC_WARN_ABOUT_RETURN_TYPE = YES_ERROR;
				GCC_WARN_UNDECLARED_SELECTOR = YES;
				GCC_WARN_UNINITIALIZED_AUTOS = YES_AGGRESSIVE;
				GCC_WARN_UNUSED_FUNCTION = YES;
				GCC_WARN_UNUSED_VARIABLE = YES;
				LOCALIZATION_PREFERS_STRING_CATALOGS = YES;
				MACOSX_DEPLOYMENT_TARGET = 14.0;
				MTL_ENABLE_DEBUG_INFO = NO;
				MTL_FAST_MATH = YES;
				SDKROOT = macosx;
				SWIFT_COMPILATION_MODE = wholemodule;
			};
			name = Release;
		};
		2CF436672B0B5AE40032FC2D /* Debug */ = {
			isa = XCBuildConfiguration;
			buildSettings = {
				ASSETCATALOG_COMPILER_APPICON_NAME = AppIcon;
				ASSETCATALOG_COMPILER_GLOBAL_ACCENT_COLOR_NAME = AccentColor;
				CODE_SIGN_ENTITLEMENTS = MacTaskManager/MacTaskManager.entitlements;
				CODE_SIGN_STYLE = Automatic;
				COMBINE_HIDPI_IMAGES = YES;
				CURRENT_PROJECT_VERSION = 1;
				DEVELOPMENT_ASSET_PATHS = "\"MacTaskManager/Preview Content\"";
				DEVELOPMENT_TEAM = 5H94SXB38X;
				ENABLE_HARDENED_RUNTIME = YES;
				ENABLE_PREVIEWS = YES;
				GENERATE_INFOPLIST_FILE = YES;
				INFOPLIST_KEY_NSHumanReadableCopyright = "";
				LD_RUNPATH_SEARCH_PATHS = (
					"$(inherited)",
					"@executable_path/../Frameworks",
				);
				MARKETING_VERSION = 1.0;
				PRODUCT_BUNDLE_IDENTIFIER = com.ivantrj.MacTaskManager;
				PRODUCT_NAME = "$(TARGET_NAME)";
				SWIFT_EMIT_LOC_STRINGS = YES;
				SWIFT_VERSION = 5.0;
			};
			name = Debug;
		};
		2CF436682B0B5AE40032FC2D /* Release */ = {
			isa = XCBuildConfiguration;
			buildSettings = {
				ASSETCATALOG_COMPILER_APPICON_NAME = AppIcon;
				ASSETCATALOG_COMPILER_GLOBAL_ACCENT_COLOR_NAME = AccentColor;
				CODE_SIGN_ENTITLEMENTS = MacTaskManager/MacTaskManager.entitlements;
				CODE_SIGN_STYLE = Automatic;
				COMBINE_HIDPI_IMAGES = YES;
				CURRENT_PROJECT_VERSION = 1;
				DEVELOPMENT_ASSET_PATHS = "\"MacTaskManager/Preview Content\"";
				DEVELOPMENT_TEAM = 5H94SXB38X;
				ENABLE_HARDENED_RUNTIME = YES;
				ENABLE_PREVIEWS = YES;
				GENERATE_INFOPLIST_FILE = YES;
				INFOPLIST_KEY_NSHumanReadableCopyright = "";
				LD_RUNPATH_SEARCH_PATHS = (
					"$(inherited)",
					"@executable_path/../Frameworks",
				);
				MARKETING_VERSION = 1.0;
				PRODUCT_BUNDLE_IDENTIFIER = com.ivantrj.MacTaskManager;
				PRODUCT_NAME = "$(TARGET_NAME)";
				SWIFT_EMIT_LOC_STRINGS = YES;
				SWIFT_VERSION = 5.0;
			};
			name = Release;
		};
/* End XCBuildConfiguration section */

/* Begin XCConfigurationList section */
		2CF436522B0B5AE20032FC2D /* Build configuration list for PBXProject "MacTaskManager" */ = {
			isa = XCConfigurationList;
			buildConfigurations = (
				2CF436642B0B5AE40032FC2D /* Debug */,
				2CF436652B0B5AE40032FC2D /* Release */,
			);
			defaultConfigurationIsVisible = 0;
			defaultConfigurationName = Release;
		};
		2CF436662B0B5AE40032FC2D /* Build configuration list for PBXNativeTarget "MacTaskManager" */ = {
			isa = XCConfigurationList;
			buildConfigurations = (
				2CF436672B0B5AE40032FC2D /* Debug */,
				2CF436682B0B5AE40032FC2D /* Release */,
			);
			defaultConfigurationIsVisible = 0;
			defaultConfigurationName = Release;
		};
/* End XCConfigurationList section */
	};
	rootObject = 2CF4364F2B0B5AE20032FC2D /* Project object */;
}
